// !$*UTF8*$!
{
	archiveVersion = 1;
	classes = {
	};
	objectVersion = 77;
	objects = {

/* Begin PBXBuildFile section */
		A10000000000000000000001 /* main.swift in Sources */ = {isa = PBXBuildFile; fileRef = A20000000000000000000001 /* main.swift */; };
		A10000000000000000000002 /* RevivalMacApplication.swift in Sources */ = {isa = PBXBuildFile; fileRef = A20000000000000000000002 /* RevivalMacApplication.swift */; };
		A10000000000000000000003 /* RevivalEditorApplication.swift in Sources */ = {isa = PBXBuildFile; fileRef = A20000000000000000000003 /* RevivalEditorApplication.swift */; };
		A10000000000000000000004 /* HOG2ArchiveTests.swift in Sources */ = {isa = PBXBuildFile; fileRef = A20000000000000000000004 /* HOG2ArchiveTests.swift */; };
		A10000000000000000000005 /* test.hog in Resources */ = {isa = PBXBuildFile; fileRef = A20000000000000000000009 /* test.hog */; };
		A10000000000000000000006 /* HOG2Archive.swift in Sources */ = {isa = PBXBuildFile; fileRef = A2000000000000000000000A /* HOG2Archive.swift */; };
		A10000000000000000000007 /* HOG2Archive.swift in Sources */ = {isa = PBXBuildFile; fileRef = A2000000000000000000000A /* HOG2Archive.swift */; };
		B10000000000000000000001 /* PreparedRetailProfileTests.swift in Sources */ = {isa = PBXBuildFile; fileRef = B20000000000000000000001 /* PreparedRetailProfileTests.swift */; };
		B10000000000000000000002 /* PreparedRetailProfile.swift in Sources */ = {isa = PBXBuildFile; fileRef = B20000000000000000000002 /* PreparedRetailProfile.swift */; };
		B10000000000000000000003 /* PreparedRetailProfile.swift in Sources */ = {isa = PBXBuildFile; fileRef = B20000000000000000000002 /* PreparedRetailProfile.swift */; };
		B10000000000000000000004 /* TrainingMission.swift in Sources */ = {isa = PBXBuildFile; fileRef = B20000000000000000000003 /* TrainingMission.swift */; };
		B10000000000000000000005 /* TrainingMission.swift in Sources */ = {isa = PBXBuildFile; fileRef = B20000000000000000000003 /* TrainingMission.swift */; };
		B10000000000000000000006 /* D3LV127Tests.swift in Sources */ = {isa = PBXBuildFile; fileRef = B20000000000000000000004 /* D3LV127Tests.swift */; };
		B10000000000000000000007 /* D3LV127.swift in Sources */ = {isa = PBXBuildFile; fileRef = B20000000000000000000005 /* D3LV127.swift */; };
		B10000000000000000000008 /* D3LV127.swift in Sources */ = {isa = PBXBuildFile; fileRef = B20000000000000000000005 /* D3LV127.swift */; };
		B10000000000000000000009 /* CanonicalLevelTests.swift in Sources */ = {isa = PBXBuildFile; fileRef = B20000000000000000000006 /* CanonicalLevelTests.swift */; };
		B1000000000000000000000A /* Level.swift in Sources */ = {isa = PBXBuildFile; fileRef = B20000000000000000000007 /* Level.swift */; };
		B1000000000000000000000B /* Level.swift in Sources */ = {isa = PBXBuildFile; fileRef = B20000000000000000000007 /* Level.swift */; };
		B1000000000000000000000C /* Level.swift in Sources */ = {isa = PBXBuildFile; fileRef = B20000000000000000000007 /* Level.swift */; };
		B1000000000000000000000D /* Level.swift in Sources */ = {isa = PBXBuildFile; fileRef = B20000000000000000000007 /* Level.swift */; };
		BB0000000000000000000001 /* LevelValues.swift in Sources */ = {isa = PBXBuildFile; fileRef = BA0000000000000000000001 /* LevelValues.swift */; };
		BB0000000000000000000002 /* TrainingLevelValues.swift in Sources */ = {isa = PBXBuildFile; fileRef = BA0000000000000000000002 /* TrainingLevelValues.swift */; };
		BB0000000000000000000003 /* TrainingLevelValidation.swift in Sources */ = {isa = PBXBuildFile; fileRef = BA0000000000000000000003 /* TrainingLevelValidation.swift */; };
		BB0000000000000000000004 /* LevelAssembly.swift in Sources */ = {isa = PBXBuildFile; fileRef = BA0000000000000000000004 /* LevelAssembly.swift */; };
		BB0000000000000000000005 /* IndoorMovementTrace.swift in Sources */ = {isa = PBXBuildFile; fileRef = BA0000000000000000000005 /* IndoorMovementTrace.swift */; };
		BB0000000000000000000006 /* LevelValues.swift in Sources */ = {isa = PBXBuildFile; fileRef = BA0000000000000000000001 /* LevelValues.swift */; };
		BB0000000000000000000007 /* TrainingLevelValues.swift in Sources */ = {isa = PBXBuildFile; fileRef = BA0000000000000000000002 /* TrainingLevelValues.swift */; };
		BB0000000000000000000008 /* TrainingLevelValidation.swift in Sources */ = {isa = PBXBuildFile; fileRef = BA0000000000000000000003 /* TrainingLevelValidation.swift */; };
		BB0000000000000000000009 /* LevelAssembly.swift in Sources */ = {isa = PBXBuildFile; fileRef = BA0000000000000000000004 /* LevelAssembly.swift */; };
		BB000000000000000000000A /* IndoorMovementTrace.swift in Sources */ = {isa = PBXBuildFile; fileRef = BA0000000000000000000005 /* IndoorMovementTrace.swift */; };
		BB000000000000000000000B /* LevelValues.swift in Sources */ = {isa = PBXBuildFile; fileRef = BA0000000000000000000001 /* LevelValues.swift */; };
		BB000000000000000000000C /* TrainingLevelValues.swift in Sources */ = {isa = PBXBuildFile; fileRef = BA0000000000000000000002 /* TrainingLevelValues.swift */; };
		BB000000000000000000000D /* TrainingLevelValidation.swift in Sources */ = {isa = PBXBuildFile; fileRef = BA0000000000000000000003 /* TrainingLevelValidation.swift */; };
		BB000000000000000000000E /* LevelAssembly.swift in Sources */ = {isa = PBXBuildFile; fileRef = BA0000000000000000000004 /* LevelAssembly.swift */; };
		BB000000000000000000000F /* IndoorMovementTrace.swift in Sources */ = {isa = PBXBuildFile; fileRef = BA0000000000000000000005 /* IndoorMovementTrace.swift */; };
		BB0000000000000000000010 /* LevelValues.swift in Sources */ = {isa = PBXBuildFile; fileRef = BA0000000000000000000001 /* LevelValues.swift */; };
		BB0000000000000000000011 /* TrainingLevelValues.swift in Sources */ = {isa = PBXBuildFile; fileRef = BA0000000000000000000002 /* TrainingLevelValues.swift */; };
		BB0000000000000000000012 /* TrainingLevelValidation.swift in Sources */ = {isa = PBXBuildFile; fileRef = BA0000000000000000000003 /* TrainingLevelValidation.swift */; };
		BB0000000000000000000013 /* LevelAssembly.swift in Sources */ = {isa = PBXBuildFile; fileRef = BA0000000000000000000004 /* LevelAssembly.swift */; };
		BB0000000000000000000014 /* IndoorMovementTrace.swift in Sources */ = {isa = PBXBuildFile; fileRef = BA0000000000000000000005 /* IndoorMovementTrace.swift */; };
		BB0000000000000000000015 /* LevelValues.swift in Sources */ = {isa = PBXBuildFile; fileRef = BA0000000000000000000001 /* LevelValues.swift */; };
		BB0000000000000000000016 /* TrainingLevelValues.swift in Sources */ = {isa = PBXBuildFile; fileRef = BA0000000000000000000002 /* TrainingLevelValues.swift */; };
		BB0000000000000000000017 /* TrainingLevelValidation.swift in Sources */ = {isa = PBXBuildFile; fileRef = BA0000000000000000000003 /* TrainingLevelValidation.swift */; };
		BB0000000000000000000018 /* LevelAssembly.swift in Sources */ = {isa = PBXBuildFile; fileRef = BA0000000000000000000004 /* LevelAssembly.swift */; };
		BB0000000000000000000019 /* IndoorMovementTrace.swift in Sources */ = {isa = PBXBuildFile; fileRef = BA0000000000000000000005 /* IndoorMovementTrace.swift */; };
		BB000000000000000000001A /* TrainingLevelValidationTests.swift in Sources */ = {isa = PBXBuildFile; fileRef = BA0000000000000000000006 /* TrainingLevelValidationTests.swift */; };
		BB000000000000000000001B /* IndoorMovementTraceTests.swift in Sources */ = {isa = PBXBuildFile; fileRef = BA0000000000000000000007 /* IndoorMovementTraceTests.swift */; };
		B1000000000000000000000E /* D3LV127Decoder.swift in Sources */ = {isa = PBXBuildFile; fileRef = B20000000000000000000008 /* D3LV127Decoder.swift */; };
		B1000000000000000000000F /* D3LV127Decoder.swift in Sources */ = {isa = PBXBuildFile; fileRef = B20000000000000000000008 /* D3LV127Decoder.swift */; };
		B10000000000000000000010 /* CanonicalPackage.swift in Sources */ = {isa = PBXBuildFile; fileRef = B20000000000000000000009 /* CanonicalPackage.swift */; };
		B10000000000000000000011 /* CanonicalPackage.swift in Sources */ = {isa = PBXBuildFile; fileRef = B20000000000000000000009 /* CanonicalPackage.swift */; };
		B10000000000000000000012 /* CanonicalPackage.swift in Sources */ = {isa = PBXBuildFile; fileRef = B20000000000000000000009 /* CanonicalPackage.swift */; };
		B10000000000000000000013 /* CanonicalPackage.swift in Sources */ = {isa = PBXBuildFile; fileRef = B20000000000000000000009 /* CanonicalPackage.swift */; };
		B10000000000000000000014 /* D3ImportOperationTests.swift in Sources */ = {isa = PBXBuildFile; fileRef = B2000000000000000000000A /* D3ImportOperationTests.swift */; };
		B10000000000000000000015 /* D3ImportOperation.swift in Sources */ = {isa = PBXBuildFile; fileRef = B2000000000000000000000B /* D3ImportOperation.swift */; };
		B10000000000000000000016 /* D3ImportOperation.swift in Sources */ = {isa = PBXBuildFile; fileRef = B2000000000000000000000B /* D3ImportOperation.swift */; };
		C10000000000000000000001 /* PresentationImport.swift in Sources */ = {isa = PBXBuildFile; fileRef = C20000000000000000000001 /* PresentationImport.swift */; };
		C10000000000000000000002 /* PresentationImport.swift in Sources */ = {isa = PBXBuildFile; fileRef = C20000000000000000000001 /* PresentationImport.swift */; };
		C10000000000000000000003 /* WorldRenderingTests.swift in Sources */ = {isa = PBXBuildFile; fileRef = C20000000000000000000002 /* WorldRenderingTests.swift */; };
		C10000000000000000000004 /* WorldRendering.swift in Sources */ = {isa = PBXBuildFile; fileRef = C20000000000000000000003 /* WorldRendering.swift */; };
		C10000000000000000000005 /* WorldRendering.swift in Sources */ = {isa = PBXBuildFile; fileRef = C20000000000000000000003 /* WorldRendering.swift */; };
		C10000000000000000000006 /* WorldRendering.swift in Sources */ = {isa = PBXBuildFile; fileRef = C20000000000000000000003 /* WorldRendering.swift */; };
		C10000000000000000000007 /* WorldRendering.swift in Sources */ = {isa = PBXBuildFile; fileRef = C20000000000000000000003 /* WorldRendering.swift */; };
		C30000000000000000000002 /* PlayerInput.swift in Sources */ = {isa = PBXBuildFile; fileRef = C30000000000000000000001 /* PlayerInput.swift */; };
		C30000000000000000000003 /* PlayerInput.swift in Sources */ = {isa = PBXBuildFile; fileRef = C30000000000000000000001 /* PlayerInput.swift */; };
		C30000000000000000000004 /* PlayerInput.swift in Sources */ = {isa = PBXBuildFile; fileRef = C30000000000000000000001 /* PlayerInput.swift */; };
		C30000000000000000000005 /* PlayerInput.swift in Sources */ = {isa = PBXBuildFile; fileRef = C30000000000000000000001 /* PlayerInput.swift */; };
		C30000000000000000000006 /* PlayerInput.swift in Sources */ = {isa = PBXBuildFile; fileRef = C30000000000000000000001 /* PlayerInput.swift */; };
		C40000000000000000000002 /* PlayerSimulationPresentation.swift in Sources */ = {isa = PBXBuildFile; fileRef = C40000000000000000000001 /* PlayerSimulationPresentation.swift */; };
		C40000000000000000000003 /* PlayerSimulationPresentation.swift in Sources */ = {isa = PBXBuildFile; fileRef = C40000000000000000000001 /* PlayerSimulationPresentation.swift */; };
		C40000000000000000000004 /* PlayerSimulationPresentation.swift in Sources */ = {isa = PBXBuildFile; fileRef = C40000000000000000000001 /* PlayerSimulationPresentation.swift */; };
		C40000000000000000000005 /* PlayerSimulationPresentation.swift in Sources */ = {isa = PBXBuildFile; fileRef = C40000000000000000000001 /* PlayerSimulationPresentation.swift */; };
		C40000000000000000000006 /* PlayerSimulationPresentation.swift in Sources */ = {isa = PBXBuildFile; fileRef = C40000000000000000000001 /* PlayerSimulationPresentation.swift */; };
		C50000000000000000000002 /* WaterProceduralEvaluator.swift in Sources */ = {isa = PBXBuildFile; fileRef = C50000000000000000000001 /* WaterProceduralEvaluator.swift */; };
		C50000000000000000000003 /* WaterProceduralEvaluator.swift in Sources */ = {isa = PBXBuildFile; fileRef = C50000000000000000000001 /* WaterProceduralEvaluator.swift */; };
		C50000000000000000000004 /* WaterProceduralEvaluator.swift in Sources */ = {isa = PBXBuildFile; fileRef = C50000000000000000000001 /* WaterProceduralEvaluator.swift */; };
		C50000000000000000000005 /* WaterProceduralEvaluator.swift in Sources */ = {isa = PBXBuildFile; fileRef = C50000000000000000000001 /* WaterProceduralEvaluator.swift */; };
		C50000000000000000000006 /* WaterProceduralEvaluator.swift in Sources */ = {isa = PBXBuildFile; fileRef = C50000000000000000000001 /* WaterProceduralEvaluator.swift */; };
		C60000000000000000000002 /* ReciprocalPortalComponent.swift in Sources */ = {isa = PBXBuildFile; fileRef = C60000000000000000000001 /* ReciprocalPortalComponent.swift */; };
		C60000000000000000000003 /* ReciprocalPortalComponent.swift in Sources */ = {isa = PBXBuildFile; fileRef = C60000000000000000000001 /* ReciprocalPortalComponent.swift */; };
		C60000000000000000000004 /* ReciprocalPortalComponent.swift in Sources */ = {isa = PBXBuildFile; fileRef = C60000000000000000000001 /* ReciprocalPortalComponent.swift */; };
		C60000000000000000000005 /* ReciprocalPortalComponent.swift in Sources */ = {isa = PBXBuildFile; fileRef = C60000000000000000000001 /* ReciprocalPortalComponent.swift */; };
		C60000000000000000000006 /* ReciprocalPortalComponent.swift in Sources */ = {isa = PBXBuildFile; fileRef = C60000000000000000000001 /* ReciprocalPortalComponent.swift */; };
		C70000000000000000000002 /* WorldRenderExtractionValues.swift in Sources */ = {isa = PBXBuildFile; fileRef = C70000000000000000000001 /* WorldRenderExtractionValues.swift */; };
		C70000000000000000000003 /* WorldRenderExtractionValues.swift in Sources */ = {isa = PBXBuildFile; fileRef = C70000000000000000000001 /* WorldRenderExtractionValues.swift */; };
		C70000000000000000000004 /* WorldRenderExtractionValues.swift in Sources */ = {isa = PBXBuildFile; fileRef = C70000000000000000000001 /* WorldRenderExtractionValues.swift */; };
		C70000000000000000000005 /* WorldRenderExtractionValues.swift in Sources */ = {isa = PBXBuildFile; fileRef = C70000000000000000000001 /* WorldRenderExtractionValues.swift */; };
		C70000000000000000000006 /* WorldRenderExtractionValues.swift in Sources */ = {isa = PBXBuildFile; fileRef = C70000000000000000000001 /* WorldRenderExtractionValues.swift */; };
		C10000000000000000000008 /* EditorProjectTests.swift in Sources */ = {isa = PBXBuildFile; fileRef = C20000000000000000000004 /* EditorProjectTests.swift */; };
		C10000000000000000000009 /* RevivalProject.swift in Sources */ = {isa = PBXBuildFile; fileRef = C20000000000000000000005 /* RevivalProject.swift */; };
		C1000000000000000000000A /* RevivalProject.swift in Sources */ = {isa = PBXBuildFile; fileRef = C20000000000000000000005 /* RevivalProject.swift */; };
		D10000000000000000000001 /* MetalWorldPlanTests.swift in Sources */ = {isa = PBXBuildFile; fileRef = D20000000000000000000001 /* MetalWorldPlanTests.swift */; };
		D10000000000000000000002 /* MetalWorldPlan.swift in Sources */ = {isa = PBXBuildFile; fileRef = D20000000000000000000002 /* MetalWorldPlan.swift */; };
		D10000000000000000000003 /* MetalWorldPlan.swift in Sources */ = {isa = PBXBuildFile; fileRef = D20000000000000000000002 /* MetalWorldPlan.swift */; };
		D10000000000000000000004 /* MetalWorldPlan.swift in Sources */ = {isa = PBXBuildFile; fileRef = D20000000000000000000002 /* MetalWorldPlan.swift */; };
		D10000000000000000000005 /* MetalWorldRenderer.swift in Sources */ = {isa = PBXBuildFile; fileRef = D20000000000000000000003 /* MetalWorldRenderer.swift */; };
		D10000000000000000000006 /* MetalWorldRenderer.swift in Sources */ = {isa = PBXBuildFile; fileRef = D20000000000000000000003 /* MetalWorldRenderer.swift */; };
		D10000000000000000000007 /* WorldShaders.metal in Sources */ = {isa = PBXBuildFile; fileRef = D20000000000000000000004 /* WorldShaders.metal */; };
		D10000000000000000000008 /* WorldShaders.metal in Sources */ = {isa = PBXBuildFile; fileRef = D20000000000000000000004 /* WorldShaders.metal */; };
		E10000000000000000000001 /* RevivalProjectDocument.swift in Sources */ = {isa = PBXBuildFile; fileRef = E20000000000000000000001 /* RevivalProjectDocument.swift */; };
		E10000000000000000000002 /* RevivalProjectDocument.swift in Sources */ = {isa = PBXBuildFile; fileRef = E20000000000000000000001 /* RevivalProjectDocument.swift */; };
		E10000000000000000000003 /* RevivalEditorWindowController.swift in Sources */ = {isa = PBXBuildFile; fileRef = E20000000000000000000002 /* RevivalEditorWindowController.swift */; };
		E10000000000000000000004 /* RevivalEditorWindowController.swift in Sources */ = {isa = PBXBuildFile; fileRef = E20000000000000000000002 /* RevivalEditorWindowController.swift */; };
		E10000000000000000000005 /* MetalWorldRenderer.swift in Sources */ = {isa = PBXBuildFile; fileRef = D20000000000000000000003 /* MetalWorldRenderer.swift */; };
		F10000000000000000000001 /* RevivalMobileApplication.swift in Sources */ = {isa = PBXBuildFile; fileRef = F20000000000000000000002 /* RevivalMobileApplication.swift */; };
		F10000000000000000000002 /* Level.swift in Sources */ = {isa = PBXBuildFile; fileRef = B20000000000000000000007 /* Level.swift */; };
		F10000000000000000000003 /* CanonicalPackage.swift in Sources */ = {isa = PBXBuildFile; fileRef = B20000000000000000000009 /* CanonicalPackage.swift */; };
		F10000000000000000000004 /* WorldRendering.swift in Sources */ = {isa = PBXBuildFile; fileRef = C20000000000000000000003 /* WorldRendering.swift */; };
		F10000000000000000000005 /* MetalWorldPlan.swift in Sources */ = {isa = PBXBuildFile; fileRef = D20000000000000000000002 /* MetalWorldPlan.swift */; };
		F10000000000000000000006 /* MetalWorldRenderer.swift in Sources */ = {isa = PBXBuildFile; fileRef = D20000000000000000000003 /* MetalWorldRenderer.swift */; };
		F10000000000000000000007 /* WorldShaders.metal in Sources */ = {isa = PBXBuildFile; fileRef = D20000000000000000000004 /* WorldShaders.metal */; };
		F10000000000000000000008 /* RevivalMobilePresentationStateTests.swift in Sources */ = {isa = PBXBuildFile; fileRef = F20000000000000000000003 /* RevivalMobilePresentationStateTests.swift */; };
		F10000000000000000000009 /* RevivalMobilePresentationState.swift in Sources */ = {isa = PBXBuildFile; fileRef = F20000000000000000000004 /* RevivalMobilePresentationState.swift */; };
		F1000000000000000000000A /* RevivalMobilePresentationState.swift in Sources */ = {isa = PBXBuildFile; fileRef = F20000000000000000000004 /* RevivalMobilePresentationState.swift */; };
		G10000000000000000000001 /* RevivalGameplayView.swift in Sources */ = {isa = PBXBuildFile; fileRef = G20000000000000000000001 /* RevivalGameplayView.swift */; };
		G10000000000000000000002 /* RevivalGameplayView.swift in Sources */ = {isa = PBXBuildFile; fileRef = G20000000000000000000001 /* RevivalGameplayView.swift */; };
		G10000000000000000000003 /* RevivalGameplayView.swift in Sources */ = {isa = PBXBuildFile; fileRef = G20000000000000000000001 /* RevivalGameplayView.swift */; };
		H10000000000000000000001 /* PilotProfile.swift in Sources */ = {isa = PBXBuildFile; fileRef = H20000000000000000000001 /* PilotProfile.swift */; };
		H10000000000000000000002 /* PilotProfile.swift in Sources */ = {isa = PBXBuildFile; fileRef = H20000000000000000000001 /* PilotProfile.swift */; };
		H10000000000000000000003 /* PilotProfile.swift in Sources */ = {isa = PBXBuildFile; fileRef = H20000000000000000000001 /* PilotProfile.swift */; };
/* End PBXBuildFile section */

/* Begin PBXFileReference section */
		A20000000000000000000001 /* main.swift */ = {isa = PBXFileReference; lastKnownFileType = sourcecode.swift; path = main.swift; sourceTree = "<group>"; };
		A20000000000000000000002 /* RevivalMacApplication.swift */ = {isa = PBXFileReference; lastKnownFileType = sourcecode.swift; path = RevivalMacApplication.swift; sourceTree = "<group>"; };
		A20000000000000000000003 /* RevivalEditorApplication.swift */ = {isa = PBXFileReference; lastKnownFileType = sourcecode.swift; path = RevivalEditorApplication.swift; sourceTree = "<group>"; };
		A20000000000000000000004 /* HOG2ArchiveTests.swift */ = {isa = PBXFileReference; lastKnownFileType = sourcecode.swift; path = HOG2ArchiveTests.swift; sourceTree = "<group>"; };
		A20000000000000000000005 /* D3Import */ = {isa = PBXFileReference; explicitFileType = "compiled.mach-o.executable"; includeInIndex = 0; path = D3Import; sourceTree = BUILT_PRODUCTS_DIR; };
		A20000000000000000000006 /* RevivalMac.app */ = {isa = PBXFileReference; explicitFileType = wrapper.application; includeInIndex = 0; path = RevivalMac.app; sourceTree = BUILT_PRODUCTS_DIR; };
		A20000000000000000000007 /* RevivalEditor.app */ = {isa = PBXFileReference; explicitFileType = wrapper.application; includeInIndex = 0; path = RevivalEditor.app; sourceTree = BUILT_PRODUCTS_DIR; };
		A20000000000000000000008 /* D3ImportTests.xctest */ = {isa = PBXFileReference; explicitFileType = wrapper.cfbundle; includeInIndex = 0; path = D3ImportTests.xctest; sourceTree = BUILT_PRODUCTS_DIR; };
		A20000000000000000000009 /* test.hog */ = {isa = PBXFileReference; lastKnownFileType = file; path = test.hog; sourceTree = "<group>"; };
		A2000000000000000000000A /* HOG2Archive.swift */ = {isa = PBXFileReference; lastKnownFileType = sourcecode.swift; path = HOG2Archive.swift; sourceTree = "<group>"; };
		B20000000000000000000001 /* PreparedRetailProfileTests.swift */ = {isa = PBXFileReference; lastKnownFileType = sourcecode.swift; path = PreparedRetailProfileTests.swift; sourceTree = "<group>"; };
		B20000000000000000000002 /* PreparedRetailProfile.swift */ = {isa = PBXFileReference; lastKnownFileType = sourcecode.swift; path = PreparedRetailProfile.swift; sourceTree = "<group>"; };
		B20000000000000000000003 /* TrainingMission.swift */ = {isa = PBXFileReference; lastKnownFileType = sourcecode.swift; path = TrainingMission.swift; sourceTree = "<group>"; };
		B20000000000000000000004 /* D3LV127Tests.swift */ = {isa = PBXFileReference; lastKnownFileType = sourcecode.swift; path = D3LV127Tests.swift; sourceTree = "<group>"; };
		B20000000000000000000005 /* D3LV127.swift */ = {isa = PBXFileReference; lastKnownFileType = sourcecode.swift; path = D3LV127.swift; sourceTree = "<group>"; };
		B20000000000000000000006 /* CanonicalLevelTests.swift */ = {isa = PBXFileReference; lastKnownFileType = sourcecode.swift; path = CanonicalLevelTests.swift; sourceTree = "<group>"; };
		B20000000000000000000007 /* Level.swift */ = {isa = PBXFileReference; lastKnownFileType = sourcecode.swift; path = Level.swift; sourceTree = "<group>"; };
		BA0000000000000000000001 /* LevelValues.swift */ = {isa = PBXFileReference; lastKnownFileType = sourcecode.swift; path = LevelValues.swift; sourceTree = "<group>"; };
		BA0000000000000000000002 /* TrainingLevelValues.swift */ = {isa = PBXFileReference; lastKnownFileType = sourcecode.swift; path = TrainingLevelValues.swift; sourceTree = "<group>"; };
		BA0000000000000000000003 /* TrainingLevelValidation.swift */ = {isa = PBXFileReference; lastKnownFileType = sourcecode.swift; path = TrainingLevelValidation.swift; sourceTree = "<group>"; };
		BA0000000000000000000004 /* LevelAssembly.swift */ = {isa = PBXFileReference; lastKnownFileType = sourcecode.swift; path = LevelAssembly.swift; sourceTree = "<group>"; };
		BA0000000000000000000005 /* IndoorMovementTrace.swift */ = {isa = PBXFileReference; lastKnownFileType = sourcecode.swift; path = IndoorMovementTrace.swift; sourceTree = "<group>"; };
		BA0000000000000000000006 /* TrainingLevelValidationTests.swift */ = {isa = PBXFileReference; lastKnownFileType = sourcecode.swift; path = TrainingLevelValidationTests.swift; sourceTree = "<group>"; };
		BA0000000000000000000007 /* IndoorMovementTraceTests.swift */ = {isa = PBXFileReference; lastKnownFileType = sourcecode.swift; path = IndoorMovementTraceTests.swift; sourceTree = "<group>"; };
		B20000000000000000000008 /* D3LV127Decoder.swift */ = {isa = PBXFileReference; lastKnownFileType = sourcecode.swift; path = D3LV127Decoder.swift; sourceTree = "<group>"; };
		B20000000000000000000009 /* CanonicalPackage.swift */ = {isa = PBXFileReference; lastKnownFileType = sourcecode.swift; path = CanonicalPackage.swift; sourceTree = "<group>"; };
		B2000000000000000000000A /* D3ImportOperationTests.swift */ = {isa = PBXFileReference; lastKnownFileType = sourcecode.swift; path = D3ImportOperationTests.swift; sourceTree = "<group>"; };
		B2000000000000000000000B /* D3ImportOperation.swift */ = {isa = PBXFileReference; lastKnownFileType = sourcecode.swift; path = D3ImportOperation.swift; sourceTree = "<group>"; };
		C20000000000000000000001 /* PresentationImport.swift */ = {isa = PBXFileReference; lastKnownFileType = sourcecode.swift; path = PresentationImport.swift; sourceTree = "<group>"; };
		C20000000000000000000002 /* WorldRenderingTests.swift */ = {isa = PBXFileReference; lastKnownFileType = sourcecode.swift; path = WorldRenderingTests.swift; sourceTree = "<group>"; };
		C20000000000000000000003 /* WorldRendering.swift */ = {isa = PBXFileReference; lastKnownFileType = sourcecode.swift; path = WorldRendering.swift; sourceTree = "<group>"; };
		C30000000000000000000001 /* PlayerInput.swift */ = {isa = PBXFileReference; lastKnownFileType = sourcecode.swift; path = PlayerInput.swift; sourceTree = "<group>"; };
		C40000000000000000000001 /* PlayerSimulationPresentation.swift */ = {isa = PBXFileReference; lastKnownFileType = sourcecode.swift; path = PlayerSimulationPresentation.swift; sourceTree = "<group>"; };
		C50000000000000000000001 /* WaterProceduralEvaluator.swift */ = {isa = PBXFileReference; lastKnownFileType = sourcecode.swift; path = WaterProceduralEvaluator.swift; sourceTree = "<group>"; };
		C60000000000000000000001 /* ReciprocalPortalComponent.swift */ = {isa = PBXFileReference; lastKnownFileType = sourcecode.swift; path = ReciprocalPortalComponent.swift; sourceTree = "<group>"; };
		C70000000000000000000001 /* WorldRenderExtractionValues.swift */ = {isa = PBXFileReference; lastKnownFileType = sourcecode.swift; path = WorldRenderExtractionValues.swift; sourceTree = "<group>"; };
		C20000000000000000000004 /* EditorProjectTests.swift */ = {isa = PBXFileReference; lastKnownFileType = sourcecode.swift; path = EditorProjectTests.swift; sourceTree = "<group>"; };
		C20000000000000000000005 /* RevivalProject.swift */ = {isa = PBXFileReference; lastKnownFileType = sourcecode.swift; path = RevivalProject.swift; sourceTree = "<group>"; };
		D20000000000000000000001 /* MetalWorldPlanTests.swift */ = {isa = PBXFileReference; lastKnownFileType = sourcecode.swift; path = MetalWorldPlanTests.swift; sourceTree = "<group>"; };
		D20000000000000000000002 /* MetalWorldPlan.swift */ = {isa = PBXFileReference; lastKnownFileType = sourcecode.swift; path = MetalWorldPlan.swift; sourceTree = "<group>"; };
		D20000000000000000000003 /* MetalWorldRenderer.swift */ = {isa = PBXFileReference; lastKnownFileType = sourcecode.swift; path = MetalWorldRenderer.swift; sourceTree = "<group>"; };
		D20000000000000000000004 /* WorldShaders.metal */ = {isa = PBXFileReference; lastKnownFileType = sourcecode.metal; path = WorldShaders.metal; sourceTree = "<group>"; };
		E20000000000000000000001 /* RevivalProjectDocument.swift */ = {isa = PBXFileReference; lastKnownFileType = sourcecode.swift; path = RevivalProjectDocument.swift; sourceTree = "<group>"; };
		E20000000000000000000002 /* RevivalEditorWindowController.swift */ = {isa = PBXFileReference; lastKnownFileType = sourcecode.swift; path = RevivalEditorWindowController.swift; sourceTree = "<group>"; };
		F20000000000000000000001 /* RevivalMobile.app */ = {isa = PBXFileReference; explicitFileType = wrapper.application; includeInIndex = 0; path = RevivalMobile.app; sourceTree = BUILT_PRODUCTS_DIR; };
		F20000000000000000000002 /* RevivalMobileApplication.swift */ = {isa = PBXFileReference; lastKnownFileType = sourcecode.swift; path = RevivalMobileApplication.swift; sourceTree = "<group>"; };
		F20000000000000000000003 /* RevivalMobilePresentationStateTests.swift */ = {isa = PBXFileReference; lastKnownFileType = sourcecode.swift; path = RevivalMobilePresentationStateTests.swift; sourceTree = "<group>"; };
		F20000000000000000000004 /* RevivalMobilePresentationState.swift */ = {isa = PBXFileReference; lastKnownFileType = sourcecode.swift; path = RevivalMobilePresentationState.swift; sourceTree = "<group>"; };
		G20000000000000000000001 /* RevivalGameplayView.swift */ = {isa = PBXFileReference; lastKnownFileType = sourcecode.swift; path = RevivalGameplayView.swift; sourceTree = "<group>"; };
		H20000000000000000000001 /* PilotProfile.swift */ = {isa = PBXFileReference; lastKnownFileType = sourcecode.swift; path = PilotProfile.swift; sourceTree = "<group>"; };
/* End PBXFileReference section */

/* Begin PBXFrameworksBuildPhase section */
		A40000000000000000000002 /* Frameworks */ = {
			isa = PBXFrameworksBuildPhase;
			buildActionMask = 2147483647;
			files = (
			);
			runOnlyForDeploymentPostprocessing = 0;
		};
		A40000000000000000000005 /* Frameworks */ = {
			isa = PBXFrameworksBuildPhase;
			buildActionMask = 2147483647;
			files = (
			);
			runOnlyForDeploymentPostprocessing = 0;
		};
		A40000000000000000000008 /* Frameworks */ = {
			isa = PBXFrameworksBuildPhase;
			buildActionMask = 2147483647;
			files = (
			);
			runOnlyForDeploymentPostprocessing = 0;
		};
		A4000000000000000000000B /* Frameworks */ = {
			isa = PBXFrameworksBuildPhase;
			buildActionMask = 2147483647;
			files = (
			);
			runOnlyForDeploymentPostprocessing = 0;
		};
		F40000000000000000000002 /* Frameworks */ = {
			isa = PBXFrameworksBuildPhase;
			buildActionMask = 2147483647;
			files = (
			);
			runOnlyForDeploymentPostprocessing = 0;
		};
/* End PBXFrameworksBuildPhase section */

/* Begin PBXGroup section */
		A30000000000000000000001 = {
			isa = PBXGroup;
			children = (
				A30000000000000000000003 /* Revival */,
				A3000000000000000000000C /* Fixtures */,
				A30000000000000000000002 /* Products */,
			);
			sourceTree = "<group>";
		};
		A30000000000000000000002 /* Products */ = {
			isa = PBXGroup;
			children = (
				A20000000000000000000005 /* D3Import */,
				A20000000000000000000006 /* RevivalMac.app */,
				A20000000000000000000007 /* RevivalEditor.app */,
				F20000000000000000000001 /* RevivalMobile.app */,
				A20000000000000000000008 /* D3ImportTests.xctest */,
			);
			name = Products;
			sourceTree = "<group>";
		};
		A30000000000000000000003 /* Revival */ = {
			isa = PBXGroup;
			children = (
				A30000000000000000000004 /* Sources */,
				A3000000000000000000000A /* Tests */,
			);
			path = Revival;
			sourceTree = "<group>";
		};
		A30000000000000000000004 /* Sources */ = {
			isa = PBXGroup;
			children = (
				A30000000000000000000005 /* D3Import */,
				A30000000000000000000008 /* RevivalCore */,
				A30000000000000000000009 /* RevivalMetal */,
				G30000000000000000000001 /* RevivalAppKit */,
				A30000000000000000000006 /* RevivalMac */,
				F30000000000000000000001 /* RevivalMobile */,
				A30000000000000000000007 /* RevivalEditor */,
			);
			path = Sources;
			sourceTree = "<group>";
		};
		A30000000000000000000005 /* D3Import */ = {
			isa = PBXGroup;
			children = (
				B2000000000000000000000B /* D3ImportOperation.swift */,
				C20000000000000000000001 /* PresentationImport.swift */,
				B20000000000000000000005 /* D3LV127.swift */,
				B20000000000000000000008 /* D3LV127Decoder.swift */,
				A2000000000000000000000A /* HOG2Archive.swift */,
				B20000000000000000000002 /* PreparedRetailProfile.swift */,
				B20000000000000000000003 /* TrainingMission.swift */,
				A20000000000000000000001 /* main.swift */,
			);
			path = D3Import;
			sourceTree = "<group>";
		};
		A30000000000000000000006 /* RevivalMac */ = {
			isa = PBXGroup;
			children = (
				A20000000000000000000002 /* RevivalMacApplication.swift */,
			);
			path = RevivalMac;
			sourceTree = "<group>";
		};
		A30000000000000000000007 /* RevivalEditor */ = {
			isa = PBXGroup;
			children = (
				E20000000000000000000002 /* RevivalEditorWindowController.swift */,
				E20000000000000000000001 /* RevivalProjectDocument.swift */,
				C20000000000000000000005 /* RevivalProject.swift */,
				A20000000000000000000003 /* RevivalEditorApplication.swift */,
			);
			path = RevivalEditor;
			sourceTree = "<group>";
		};
		A30000000000000000000008 /* RevivalCore */ = {
			isa = PBXGroup;
			children = (
				H20000000000000000000001 /* PilotProfile.swift */,
				C30000000000000000000001 /* PlayerInput.swift */,
				C40000000000000000000001 /* PlayerSimulationPresentation.swift */,
				C50000000000000000000001 /* WaterProceduralEvaluator.swift */,
				C60000000000000000000001 /* ReciprocalPortalComponent.swift */,
				C70000000000000000000001 /* WorldRenderExtractionValues.swift */,
				C20000000000000000000003 /* WorldRendering.swift */,
				B20000000000000000000009 /* CanonicalPackage.swift */,
				BA0000000000000000000001 /* LevelValues.swift */,
				BA0000000000000000000002 /* TrainingLevelValues.swift */,
				BA0000000000000000000003 /* TrainingLevelValidation.swift */,
				B20000000000000000000007 /* Level.swift */,
				BA0000000000000000000004 /* LevelAssembly.swift */,
				BA0000000000000000000005 /* IndoorMovementTrace.swift */,
			);
			path = RevivalCore;
			sourceTree = "<group>";
		};
		A30000000000000000000009 /* RevivalMetal */ = {
			isa = PBXGroup;
			children = (
				D20000000000000000000004 /* WorldShaders.metal */,
				D20000000000000000000003 /* MetalWorldRenderer.swift */,
				D20000000000000000000002 /* MetalWorldPlan.swift */,
			);
			path = RevivalMetal;
			sourceTree = "<group>";
		};
		G30000000000000000000001 /* RevivalAppKit */ = {
			isa = PBXGroup;
			children = (
				G20000000000000000000001 /* RevivalGameplayView.swift */,
			);
			path = RevivalAppKit;
			sourceTree = "<group>";
		};
		F30000000000000000000001 /* RevivalMobile */ = {
			isa = PBXGroup;
			children = (
				F20000000000000000000004 /* RevivalMobilePresentationState.swift */,
				F20000000000000000000002 /* RevivalMobileApplication.swift */,
			);
			path = RevivalMobile;
			sourceTree = "<group>";
		};
		A3000000000000000000000A /* Tests */ = {
			isa = PBXGroup;
			children = (
				A3000000000000000000000B /* D3ImportTests */,
			);
			path = Tests;
			sourceTree = "<group>";
		};
		A3000000000000000000000B /* D3ImportTests */ = {
			isa = PBXGroup;
			children = (
				F20000000000000000000003 /* RevivalMobilePresentationStateTests.swift */,
				D20000000000000000000001 /* MetalWorldPlanTests.swift */,
				C20000000000000000000004 /* EditorProjectTests.swift */,
				C20000000000000000000002 /* WorldRenderingTests.swift */,
				BA0000000000000000000006 /* TrainingLevelValidationTests.swift */,
				BA0000000000000000000007 /* IndoorMovementTraceTests.swift */,
				B20000000000000000000006 /* CanonicalLevelTests.swift */,
				B2000000000000000000000A /* D3ImportOperationTests.swift */,
				A20000000000000000000004 /* HOG2ArchiveTests.swift */,
				B20000000000000000000004 /* D3LV127Tests.swift */,
				B20000000000000000000001 /* PreparedRetailProfileTests.swift */,
			);
			path = D3ImportTests;
			sourceTree = "<group>";
		};
		A3000000000000000000000C /* Fixtures */ = {
			isa = PBXGroup;
			children = (
				A20000000000000000000009 /* test.hog */,
			);
			name = Fixtures;
			path = cfile/tests/TestDir;
			sourceTree = SOURCE_ROOT;
		};
/* End PBXGroup section */

/* Begin PBXNativeTarget section */
		A50000000000000000000001 /* D3Import */ = {
			isa = PBXNativeTarget;
			buildConfigurationList = A80000000000000000000002 /* Build configuration list for PBXNativeTarget "D3Import" */;
			buildPhases = (
				A40000000000000000000001 /* Sources */,
				A40000000000000000000002 /* Frameworks */,
				A40000000000000000000003 /* Resources */,
			);
			buildRules = (
			);
			dependencies = (
			);
			name = D3Import;
			productName = D3Import;
			productReference = A20000000000000000000005 /* D3Import */;
			productType = "com.apple.product-type.tool";
		};
		A50000000000000000000002 /* RevivalMac */ = {
			isa = PBXNativeTarget;
			buildConfigurationList = A80000000000000000000003 /* Build configuration list for PBXNativeTarget "RevivalMac" */;
			buildPhases = (
				A40000000000000000000004 /* Sources */,
				A40000000000000000000005 /* Frameworks */,
				A40000000000000000000006 /* Resources */,
			);
			buildRules = (
			);
			dependencies = (
			);
			name = RevivalMac;
			productName = RevivalMac;
			productReference = A20000000000000000000006 /* RevivalMac.app */;
			productType = "com.apple.product-type.application";
		};
		A50000000000000000000003 /* RevivalEditor */ = {
			isa = PBXNativeTarget;
			buildConfigurationList = A80000000000000000000004 /* Build configuration list for PBXNativeTarget "RevivalEditor" */;
			buildPhases = (
				A40000000000000000000007 /* Sources */,
				A40000000000000000000008 /* Frameworks */,
				A40000000000000000000009 /* Resources */,
			);
			buildRules = (
			);
			dependencies = (
			);
			name = RevivalEditor;
			productName = RevivalEditor;
			productReference = A20000000000000000000007 /* RevivalEditor.app */;
			productType = "com.apple.product-type.application";
		};
		A50000000000000000000004 /* D3ImportTests */ = {
			isa = PBXNativeTarget;
			buildConfigurationList = A80000000000000000000005 /* Build configuration list for PBXNativeTarget "D3ImportTests" */;
			buildPhases = (
				A4000000000000000000000A /* Sources */,
				A4000000000000000000000B /* Frameworks */,
				A4000000000000000000000C /* Resources */,
			);
			buildRules = (
			);
			dependencies = (
			);
			name = D3ImportTests;
			productName = D3ImportTests;
			productReference = A20000000000000000000008 /* D3ImportTests.xctest */;
			productType = "com.apple.product-type.bundle.unit-test";
		};
		F50000000000000000000001 /* RevivalMobile */ = {
			isa = PBXNativeTarget;
			buildConfigurationList = F80000000000000000000001 /* Build configuration list for PBXNativeTarget "RevivalMobile" */;
			buildPhases = (
				F40000000000000000000001 /* Sources */,
				F40000000000000000000002 /* Frameworks */,
				F40000000000000000000003 /* Resources */,
			);
			buildRules = (
			);
			dependencies = (
			);
			name = RevivalMobile;
			productName = RevivalMobile;
			productReference = F20000000000000000000001 /* RevivalMobile.app */;
			productType = "com.apple.product-type.application";
		};
/* End PBXNativeTarget section */

/* Begin PBXProject section */
		A60000000000000000000001 /* Project object */ = {
			isa = PBXProject;
			attributes = {
				BuildIndependentTargetsInParallel = 1;
				LastSwiftUpdateCheck = 2700;
				LastUpgradeCheck = 2700;
				TargetAttributes = {
					A50000000000000000000001 = {
						CreatedOnToolsVersion = 27.0;
					};
					A50000000000000000000002 = {
						CreatedOnToolsVersion = 27.0;
					};
					A50000000000000000000003 = {
						CreatedOnToolsVersion = 27.0;
					};
					A50000000000000000000004 = {
						CreatedOnToolsVersion = 27.0;
					};
					F50000000000000000000001 = {
						CreatedOnToolsVersion = 27.0;
					};
				};
			};
			buildConfigurationList = A80000000000000000000001 /* Build configuration list for PBXProject "Revival" */;
			compatibilityVersion = "Xcode 16.0";
			developmentRegion = en;
			hasScannedForEncodings = 0;
			knownRegions = (
				en,
				Base,
			);
			mainGroup = A30000000000000000000001;
			minimizedProjectReferenceProxies = 1;
			preferredProjectObjectVersion = 77;
			productRefGroup = A30000000000000000000002 /* Products */;
			projectDirPath = "";
			projectRoot = "";
			targets = (
				A50000000000000000000001 /* D3Import */,
				A50000000000000000000002 /* RevivalMac */,
				A50000000000000000000003 /* RevivalEditor */,
				A50000000000000000000004 /* D3ImportTests */,
				F50000000000000000000001 /* RevivalMobile */,
			);
		};
/* End PBXProject section */

/* Begin PBXResourcesBuildPhase section */
		A40000000000000000000003 /* Resources */ = {
			isa = PBXResourcesBuildPhase;
			buildActionMask = 2147483647;
			files = (
			);
			runOnlyForDeploymentPostprocessing = 0;
		};
		A40000000000000000000006 /* Resources */ = {
			isa = PBXResourcesBuildPhase;
			buildActionMask = 2147483647;
			files = (
			);
			runOnlyForDeploymentPostprocessing = 0;
		};
		A40000000000000000000009 /* Resources */ = {
			isa = PBXResourcesBuildPhase;
			buildActionMask = 2147483647;
			files = (
			);
			runOnlyForDeploymentPostprocessing = 0;
		};
		A4000000000000000000000C /* Resources */ = {
			isa = PBXResourcesBuildPhase;
			buildActionMask = 2147483647;
			files = (
				A10000000000000000000005 /* test.hog in Resources */,
			);
			runOnlyForDeploymentPostprocessing = 0;
		};
		F40000000000000000000003 /* Resources */ = {
			isa = PBXResourcesBuildPhase;
			buildActionMask = 2147483647;
			files = (
			);
			runOnlyForDeploymentPostprocessing = 0;
		};
/* End PBXResourcesBuildPhase section */

/* Begin PBXSourcesBuildPhase section */
		A40000000000000000000001 /* Sources */ = {
			isa = PBXSourcesBuildPhase;
			buildActionMask = 2147483647;
			files = (
				C30000000000000000000002 /* PlayerInput.swift in Sources */,
				C40000000000000000000002 /* PlayerSimulationPresentation.swift in Sources */,
				C50000000000000000000002 /* WaterProceduralEvaluator.swift in Sources */,
				C60000000000000000000002 /* ReciprocalPortalComponent.swift in Sources */,
				C70000000000000000000002 /* WorldRenderExtractionValues.swift in Sources */,
				C10000000000000000000004 /* WorldRendering.swift in Sources */,
				C10000000000000000000001 /* PresentationImport.swift in Sources */,
				B10000000000000000000015 /* D3ImportOperation.swift in Sources */,
				B10000000000000000000010 /* CanonicalPackage.swift in Sources */,
				BB0000000000000000000001 /* LevelValues.swift in Sources */,
				BB0000000000000000000002 /* TrainingLevelValues.swift in Sources */,
				BB0000000000000000000003 /* TrainingLevelValidation.swift in Sources */,
				B1000000000000000000000A /* Level.swift in Sources */,
				BB0000000000000000000004 /* LevelAssembly.swift in Sources */,
				BB0000000000000000000005 /* IndoorMovementTrace.swift in Sources */,
				B10000000000000000000007 /* D3LV127.swift in Sources */,
				B1000000000000000000000E /* D3LV127Decoder.swift in Sources */,
				A10000000000000000000006 /* HOG2Archive.swift in Sources */,
				B10000000000000000000002 /* PreparedRetailProfile.swift in Sources */,
				B10000000000000000000004 /* TrainingMission.swift in Sources */,
				A10000000000000000000001 /* main.swift in Sources */,
			);
			runOnlyForDeploymentPostprocessing = 0;
		};
		A40000000000000000000004 /* Sources */ = {
			isa = PBXSourcesBuildPhase;
			buildActionMask = 2147483647;
			files = (
				D10000000000000000000007 /* WorldShaders.metal in Sources */,
				D10000000000000000000005 /* MetalWorldRenderer.swift in Sources */,
				D10000000000000000000002 /* MetalWorldPlan.swift in Sources */,
				C30000000000000000000003 /* PlayerInput.swift in Sources */,
				C40000000000000000000003 /* PlayerSimulationPresentation.swift in Sources */,
				C50000000000000000000003 /* WaterProceduralEvaluator.swift in Sources */,
				C60000000000000000000003 /* ReciprocalPortalComponent.swift in Sources */,
				C70000000000000000000003 /* WorldRenderExtractionValues.swift in Sources */,
				C10000000000000000000005 /* WorldRendering.swift in Sources */,
				B10000000000000000000011 /* CanonicalPackage.swift in Sources */,
				BB0000000000000000000006 /* LevelValues.swift in Sources */,
				BB0000000000000000000007 /* TrainingLevelValues.swift in Sources */,
				BB0000000000000000000008 /* TrainingLevelValidation.swift in Sources */,
				B1000000000000000000000B /* Level.swift in Sources */,
				BB0000000000000000000009 /* LevelAssembly.swift in Sources */,
				BB000000000000000000000A /* IndoorMovementTrace.swift in Sources */,
				H10000000000000000000001 /* PilotProfile.swift in Sources */,
				G10000000000000000000001 /* RevivalGameplayView.swift in Sources */,
				A10000000000000000000002 /* RevivalMacApplication.swift in Sources */,
			);
			runOnlyForDeploymentPostprocessing = 0;
		};
		A40000000000000000000007 /* Sources */ = {
			isa = PBXSourcesBuildPhase;
			buildActionMask = 2147483647;
			files = (
				E10000000000000000000003 /* RevivalEditorWindowController.swift in Sources */,
				E10000000000000000000001 /* RevivalProjectDocument.swift in Sources */,
				D10000000000000000000008 /* WorldShaders.metal in Sources */,
				D10000000000000000000006 /* MetalWorldRenderer.swift in Sources */,
				D10000000000000000000003 /* MetalWorldPlan.swift in Sources */,
				C10000000000000000000009 /* RevivalProject.swift in Sources */,
				C30000000000000000000004 /* PlayerInput.swift in Sources */,
				C40000000000000000000004 /* PlayerSimulationPresentation.swift in Sources */,
				C50000000000000000000004 /* WaterProceduralEvaluator.swift in Sources */,
				C60000000000000000000004 /* ReciprocalPortalComponent.swift in Sources */,
				C70000000000000000000004 /* WorldRenderExtractionValues.swift in Sources */,
				C10000000000000000000006 /* WorldRendering.swift in Sources */,
				B10000000000000000000012 /* CanonicalPackage.swift in Sources */,
				BB000000000000000000000B /* LevelValues.swift in Sources */,
				BB000000000000000000000C /* TrainingLevelValues.swift in Sources */,
				BB000000000000000000000D /* TrainingLevelValidation.swift in Sources */,
				B1000000000000000000000C /* Level.swift in Sources */,
				BB000000000000000000000E /* LevelAssembly.swift in Sources */,
				BB000000000000000000000F /* IndoorMovementTrace.swift in Sources */,
				G10000000000000000000002 /* RevivalGameplayView.swift in Sources */,
				A10000000000000000000003 /* RevivalEditorApplication.swift in Sources */,
			);
			runOnlyForDeploymentPostprocessing = 0;
		};
		A4000000000000000000000A /* Sources */ = {
			isa = PBXSourcesBuildPhase;
			buildActionMask = 2147483647;
			files = (
				F1000000000000000000000A /* RevivalMobilePresentationState.swift in Sources */,
				F10000000000000000000008 /* RevivalMobilePresentationStateTests.swift in Sources */,
				E10000000000000000000005 /* MetalWorldRenderer.swift in Sources */,
				E10000000000000000000004 /* RevivalEditorWindowController.swift in Sources */,
				E10000000000000000000002 /* RevivalProjectDocument.swift in Sources */,
				D10000000000000000000004 /* MetalWorldPlan.swift in Sources */,
				D10000000000000000000001 /* MetalWorldPlanTests.swift in Sources */,
				C1000000000000000000000A /* RevivalProject.swift in Sources */,
				C10000000000000000000008 /* EditorProjectTests.swift in Sources */,
				C30000000000000000000005 /* PlayerInput.swift in Sources */,
				C40000000000000000000005 /* PlayerSimulationPresentation.swift in Sources */,
				C50000000000000000000005 /* WaterProceduralEvaluator.swift in Sources */,
				C60000000000000000000005 /* ReciprocalPortalComponent.swift in Sources */,
				C70000000000000000000005 /* WorldRenderExtractionValues.swift in Sources */,
				C10000000000000000000007 /* WorldRendering.swift in Sources */,
				C10000000000000000000003 /* WorldRenderingTests.swift in Sources */,
				C10000000000000000000002 /* PresentationImport.swift in Sources */,
				B10000000000000000000016 /* D3ImportOperation.swift in Sources */,
				B10000000000000000000013 /* CanonicalPackage.swift in Sources */,
				BB0000000000000000000010 /* LevelValues.swift in Sources */,
				BB0000000000000000000011 /* TrainingLevelValues.swift in Sources */,
				BB0000000000000000000012 /* TrainingLevelValidation.swift in Sources */,
				B1000000000000000000000D /* Level.swift in Sources */,
				BB0000000000000000000013 /* LevelAssembly.swift in Sources */,
				BB0000000000000000000014 /* IndoorMovementTrace.swift in Sources */,
				H10000000000000000000002 /* PilotProfile.swift in Sources */,
				B10000000000000000000008 /* D3LV127.swift in Sources */,
				B1000000000000000000000F /* D3LV127Decoder.swift in Sources */,
				A10000000000000000000007 /* HOG2Archive.swift in Sources */,
				B10000000000000000000003 /* PreparedRetailProfile.swift in Sources */,
				B10000000000000000000005 /* TrainingMission.swift in Sources */,
				BB000000000000000000001A /* TrainingLevelValidationTests.swift in Sources */,
				BB000000000000000000001B /* IndoorMovementTraceTests.swift in Sources */,
				B10000000000000000000009 /* CanonicalLevelTests.swift in Sources */,
				B10000000000000000000014 /* D3ImportOperationTests.swift in Sources */,
				A10000000000000000000004 /* HOG2ArchiveTests.swift in Sources */,
				B10000000000000000000006 /* D3LV127Tests.swift in Sources */,
				B10000000000000000000001 /* PreparedRetailProfileTests.swift in Sources */,
				G10000000000000000000003 /* RevivalGameplayView.swift in Sources */,
			);
			runOnlyForDeploymentPostprocessing = 0;
		};
		F40000000000000000000001 /* Sources */ = {
			isa = PBXSourcesBuildPhase;
			buildActionMask = 2147483647;
			files = (
				F10000000000000000000009 /* RevivalMobilePresentationState.swift in Sources */,
				F10000000000000000000007 /* WorldShaders.metal in Sources */,
				F10000000000000000000006 /* MetalWorldRenderer.swift in Sources */,
				F10000000000000000000005 /* MetalWorldPlan.swift in Sources */,
				C30000000000000000000006 /* PlayerInput.swift in Sources */,
				C40000000000000000000006 /* PlayerSimulationPresentation.swift in Sources */,
				C50000000000000000000006 /* WaterProceduralEvaluator.swift in Sources */,
				C60000000000000000000006 /* ReciprocalPortalComponent.swift in Sources */,
				C70000000000000000000006 /* WorldRenderExtractionValues.swift in Sources */,
				F10000000000000000000004 /* WorldRendering.swift in Sources */,
				F10000000000000000000003 /* CanonicalPackage.swift in Sources */,
				BB0000000000000000000015 /* LevelValues.swift in Sources */,
				BB0000000000000000000016 /* TrainingLevelValues.swift in Sources */,
				BB0000000000000000000017 /* TrainingLevelValidation.swift in Sources */,
				F10000000000000000000002 /* Level.swift in Sources */,
				BB0000000000000000000018 /* LevelAssembly.swift in Sources */,
				BB0000000000000000000019 /* IndoorMovementTrace.swift in Sources */,
				H10000000000000000000003 /* PilotProfile.swift in Sources */,
				F10000000000000000000001 /* RevivalMobileApplication.swift in Sources */,
			);
			runOnlyForDeploymentPostprocessing = 0;
		};
/* End PBXSourcesBuildPhase section */

/* Begin XCBuildConfiguration section */
		A70000000000000000000001 /* Debug */ = {
			isa = XCBuildConfiguration;
			buildSettings = {
				ALWAYS_SEARCH_USER_PATHS = NO;
				ARCHS = arm64;
				CLANG_ENABLE_MODULES = YES;
				CLANG_ENABLE_OBJC_ARC = YES;
				COPY_PHASE_STRIP = NO;
				DEBUG_INFORMATION_FORMAT = dwarf;
				ENABLE_TESTABILITY = YES;
				ENABLE_USER_SCRIPT_SANDBOXING = YES;
				MACOSX_DEPLOYMENT_TARGET = 26.0;
				MTL_ENABLE_DEBUG_INFO = INCLUDE_SOURCE;
				ONLY_ACTIVE_ARCH = YES;
				SDKROOT = macosx;
				SUPPORTED_PLATFORMS = macosx;
				SWIFT_ACTIVE_COMPILATION_CONDITIONS = "DEBUG $(inherited)";
				SWIFT_OPTIMIZATION_LEVEL = "-Onone";
				SWIFT_STRICT_CONCURRENCY = complete;
				SWIFT_VERSION = 6.0;
			};
			name = Debug;
		};
		A70000000000000000000002 /* Release */ = {
			isa = XCBuildConfiguration;
			buildSettings = {
				ALWAYS_SEARCH_USER_PATHS = NO;
				ARCHS = arm64;
				CLANG_ENABLE_MODULES = YES;
				CLANG_ENABLE_OBJC_ARC = YES;
				COPY_PHASE_STRIP = YES;
				DEBUG_INFORMATION_FORMAT = "dwarf-with-dsym";
				ENABLE_NS_ASSERTIONS = NO;
				ENABLE_USER_SCRIPT_SANDBOXING = YES;
				MACOSX_DEPLOYMENT_TARGET = 26.0;
				MTL_ENABLE_DEBUG_INFO = NO;
				SDKROOT = macosx;
				SUPPORTED_PLATFORMS = macosx;
				SWIFT_COMPILATION_MODE = wholemodule;
				SWIFT_OPTIMIZATION_LEVEL = "-O";
				SWIFT_STRICT_CONCURRENCY = complete;
				SWIFT_VERSION = 6.0;
				VALIDATE_PRODUCT = YES;
			};
			name = Release;
		};
		A70000000000000000000003 /* Debug */ = {
			isa = XCBuildConfiguration;
			buildSettings = {
				PRODUCT_NAME = "$(TARGET_NAME)";
			};
			name = Debug;
		};
		A70000000000000000000004 /* Release */ = {
			isa = XCBuildConfiguration;
			buildSettings = {
				PRODUCT_NAME = "$(TARGET_NAME)";
			};
			name = Release;
		};
		A70000000000000000000005 /* Debug */ = {
			isa = XCBuildConfiguration;
			buildSettings = {
				CODE_SIGN_STYLE = Automatic;
				GENERATE_INFOPLIST_FILE = NO;
				INFOPLIST_FILE = Revival/Sources/RevivalMac/Info.plist;
				LD_RUNPATH_SEARCH_PATHS = (
					"$(inherited)",
					"@executable_path/../Frameworks",
				);
				PRODUCT_BUNDLE_IDENTIFIER = org.descent3.revival.mac;
				PRODUCT_NAME = "$(TARGET_NAME)";
			};
			name = Debug;
		};
		A70000000000000000000006 /* Release */ = {
			isa = XCBuildConfiguration;
			buildSettings = {
				CODE_SIGN_STYLE = Automatic;
				GENERATE_INFOPLIST_FILE = NO;
				INFOPLIST_FILE = Revival/Sources/RevivalMac/Info.plist;
				LD_RUNPATH_SEARCH_PATHS = (
					"$(inherited)",
					"@executable_path/../Frameworks",
				);
				PRODUCT_BUNDLE_IDENTIFIER = org.descent3.revival.mac;
				PRODUCT_NAME = "$(TARGET_NAME)";
			};
			name = Release;
		};
		A70000000000000000000007 /* Debug */ = {
			isa = XCBuildConfiguration;
			buildSettings = {
				CODE_SIGN_STYLE = Automatic;
				GENERATE_INFOPLIST_FILE = NO;
				INFOPLIST_FILE = Revival/Sources/RevivalEditor/Info.plist;
				LD_RUNPATH_SEARCH_PATHS = (
					"$(inherited)",
					"@executable_path/../Frameworks",
				);
				PRODUCT_BUNDLE_IDENTIFIER = org.descent3.revival.editor;
				PRODUCT_NAME = "$(TARGET_NAME)";
			};
			name = Debug;
		};
		A70000000000000000000008 /* Release */ = {
			isa = XCBuildConfiguration;
			buildSettings = {
				CODE_SIGN_STYLE = Automatic;
				GENERATE_INFOPLIST_FILE = NO;
				INFOPLIST_FILE = Revival/Sources/RevivalEditor/Info.plist;
				LD_RUNPATH_SEARCH_PATHS = (
					"$(inherited)",
					"@executable_path/../Frameworks",
				);
				PRODUCT_BUNDLE_IDENTIFIER = org.descent3.revival.editor;
				PRODUCT_NAME = "$(TARGET_NAME)";
			};
			name = Release;
		};
		A70000000000000000000009 /* Debug */ = {
			isa = XCBuildConfiguration;
			buildSettings = {
				CODE_SIGN_STYLE = Automatic;
				GENERATE_INFOPLIST_FILE = YES;
				PRODUCT_BUNDLE_IDENTIFIER = org.descent3.revival.d3import.tests;
				PRODUCT_NAME = "$(TARGET_NAME)";
				SKIP_INSTALL = YES;
			};
			name = Debug;
		};
		A7000000000000000000000A /* Release */ = {
			isa = XCBuildConfiguration;
			buildSettings = {
				CODE_SIGN_STYLE = Automatic;
				GENERATE_INFOPLIST_FILE = YES;
				PRODUCT_BUNDLE_IDENTIFIER = org.descent3.revival.d3import.tests;
				PRODUCT_NAME = "$(TARGET_NAME)";
				SKIP_INSTALL = YES;
			};
			name = Release;
		};
		F70000000000000000000001 /* Debug */ = {
			isa = XCBuildConfiguration;
			buildSettings = {
				CODE_SIGN_STYLE = Automatic;
				"EXCLUDED_SOURCE_FILE_NAMES[sdk=iphonesimulator*]" = WorldShaders.metal;
				GENERATE_INFOPLIST_FILE = NO;
				INFOPLIST_FILE = Revival/Sources/RevivalMobile/Info.plist;
				IPHONEOS_DEPLOYMENT_TARGET = 26.0;
				LD_RUNPATH_SEARCH_PATHS = (
					"$(inherited)",
					"@executable_path/Frameworks",
				);
				PRODUCT_BUNDLE_IDENTIFIER = org.descent3.revival.mobile;
				PRODUCT_NAME = "$(TARGET_NAME)";
				SDKROOT = iphoneos;
				SUPPORTED_PLATFORMS = "iphoneos iphonesimulator";
				SUPPORTS_MACCATALYST = NO;
				SUPPORTS_MAC_DESIGNED_FOR_IPHONE_IPAD = NO;
				SUPPORTS_XR_DESIGNED_FOR_IPHONE_IPAD = NO;
				SWIFT_STRICT_CONCURRENCY = complete;
				SWIFT_VERSION = 6.0;
				TARGETED_DEVICE_FAMILY = "1,2";
			};
			name = Debug;
		};
		F70000000000000000000002 /* Release */ = {
			isa = XCBuildConfiguration;
			buildSettings = {
				CODE_SIGN_STYLE = Automatic;
				"EXCLUDED_SOURCE_FILE_NAMES[sdk=iphonesimulator*]" = WorldShaders.metal;
				GENERATE_INFOPLIST_FILE = NO;
				INFOPLIST_FILE = Revival/Sources/RevivalMobile/Info.plist;
				IPHONEOS_DEPLOYMENT_TARGET = 26.0;
				LD_RUNPATH_SEARCH_PATHS = (
					"$(inherited)",
					"@executable_path/Frameworks",
				);
				PRODUCT_BUNDLE_IDENTIFIER = org.descent3.revival.mobile;
				PRODUCT_NAME = "$(TARGET_NAME)";
				SDKROOT = iphoneos;
				SUPPORTED_PLATFORMS = "iphoneos iphonesimulator";
				SUPPORTS_MACCATALYST = NO;
				SUPPORTS_MAC_DESIGNED_FOR_IPHONE_IPAD = NO;
				SUPPORTS_XR_DESIGNED_FOR_IPHONE_IPAD = NO;
				SWIFT_STRICT_CONCURRENCY = complete;
				SWIFT_VERSION = 6.0;
				TARGETED_DEVICE_FAMILY = "1,2";
			};
			name = Release;
		};
/* End XCBuildConfiguration section */

/* Begin XCConfigurationList section */
		A80000000000000000000001 /* Build configuration list for PBXProject "Revival" */ = {
			isa = XCConfigurationList;
			buildConfigurations = (
				A70000000000000000000001 /* Debug */,
				A70000000000000000000002 /* Release */,
			);
			defaultConfigurationIsVisible = 0;
			defaultConfigurationName = Release;
		};
		A80000000000000000000002 /* Build configuration list for PBXNativeTarget "D3Import" */ = {
			isa = XCConfigurationList;
			buildConfigurations = (
				A70000000000000000000003 /* Debug */,
				A70000000000000000000004 /* Release */,
			);
			defaultConfigurationIsVisible = 0;
			defaultConfigurationName = Release;
		};
		A80000000000000000000003 /* Build configuration list for PBXNativeTarget "RevivalMac" */ = {
			isa = XCConfigurationList;
			buildConfigurations = (
				A70000000000000000000005 /* Debug */,
				A70000000000000000000006 /* Release */,
			);
			defaultConfigurationIsVisible = 0;
			defaultConfigurationName = Release;
		};
		A80000000000000000000004 /* Build configuration list for PBXNativeTarget "RevivalEditor" */ = {
			isa = XCConfigurationList;
			buildConfigurations = (
				A70000000000000000000007 /* Debug */,
				A70000000000000000000008 /* Release */,
			);
			defaultConfigurationIsVisible = 0;
			defaultConfigurationName = Release;
		};
		A80000000000000000000005 /* Build configuration list for PBXNativeTarget "D3ImportTests" */ = {
			isa = XCConfigurationList;
			buildConfigurations = (
				A70000000000000000000009 /* Debug */,
				A7000000000000000000000A /* Release */,
			);
			defaultConfigurationIsVisible = 0;
			defaultConfigurationName = Release;
		};
		F80000000000000000000001 /* Build configuration list for PBXNativeTarget "RevivalMobile" */ = {
			isa = XCConfigurationList;
			buildConfigurations = (
				F70000000000000000000001 /* Debug */,
				F70000000000000000000002 /* Release */,
			);
			defaultConfigurationIsVisible = 0;
			defaultConfigurationName = Release;
		};
/* End XCConfigurationList section */
	};
	rootObject = A60000000000000000000001 /* Project object */;
}
