// !$*UTF8*$!
{
	archiveVersion = 1;
	classes = {
	};
	objectVersion = 77;
	objects = {

/* Begin PBXBuildFile section */
		A10000000000000000000001 /* main.swift in Sources */ = {isa = PBXBuildFile; fileRef = A20000000000000000000001 /* main.swift */; };
		A10000000000000000000002 /* RevivalMacApplication.swift in Sources */ = {isa = PBXBuildFile; fileRef = A20000000000000000000002 /* RevivalMacApplication.swift */; };
		A10000000000000000000003 /* RevivalEditorApplication.swift in Sources */ = {isa = PBXBuildFile; fileRef = A20000000000000000000003 /* RevivalEditorApplication.swift */; };
		A10000000000000000000004 /* HOG2ArchiveTests.swift in Sources */ = {isa = PBXBuildFile; fileRef = A20000000000000000000004 /* HOG2ArchiveTests.swift */; };
		A10000000000000000000005 /* test.hog in Resources */ = {isa = PBXBuildFile; fileRef = A20000000000000000000009 /* test.hog */; };
		A10000000000000000000006 /* HOG2Archive.swift in Sources */ = {isa = PBXBuildFile; fileRef = A2000000000000000000000A /* HOG2Archive.swift */; };
		A10000000000000000000007 /* HOG2Archive.swift in Sources */ = {isa = PBXBuildFile; fileRef = A2000000000000000000000A /* HOG2Archive.swift */; };
/* End PBXBuildFile section */

/* Begin PBXFileReference section */
		A20000000000000000000001 /* main.swift */ = {isa = PBXFileReference; lastKnownFileType = sourcecode.swift; path = main.swift; sourceTree = "<group>"; };
		A20000000000000000000002 /* RevivalMacApplication.swift */ = {isa = PBXFileReference; lastKnownFileType = sourcecode.swift; path = RevivalMacApplication.swift; sourceTree = "<group>"; };
		A20000000000000000000003 /* RevivalEditorApplication.swift */ = {isa = PBXFileReference; lastKnownFileType = sourcecode.swift; path = RevivalEditorApplication.swift; sourceTree = "<group>"; };
		A20000000000000000000004 /* HOG2ArchiveTests.swift */ = {isa = PBXFileReference; lastKnownFileType = sourcecode.swift; path = HOG2ArchiveTests.swift; sourceTree = "<group>"; };
		A20000000000000000000005 /* D3Import */ = {isa = PBXFileReference; explicitFileType = "compiled.mach-o.executable"; includeInIndex = 0; path = D3Import; sourceTree = BUILT_PRODUCTS_DIR; };
		A20000000000000000000006 /* RevivalMac.app */ = {isa = PBXFileReference; explicitFileType = wrapper.application; includeInIndex = 0; path = RevivalMac.app; sourceTree = BUILT_PRODUCTS_DIR; };
		A20000000000000000000007 /* RevivalEditor.app */ = {isa = PBXFileReference; explicitFileType = wrapper.application; includeInIndex = 0; path = RevivalEditor.app; sourceTree = BUILT_PRODUCTS_DIR; };
		A20000000000000000000008 /* D3ImportTests.xctest */ = {isa = PBXFileReference; explicitFileType = wrapper.cfbundle; includeInIndex = 0; path = D3ImportTests.xctest; sourceTree = BUILT_PRODUCTS_DIR; };
		A20000000000000000000009 /* test.hog */ = {isa = PBXFileReference; lastKnownFileType = file; path = test.hog; sourceTree = "<group>"; };
		A2000000000000000000000A /* HOG2Archive.swift */ = {isa = PBXFileReference; lastKnownFileType = sourcecode.swift; path = HOG2Archive.swift; sourceTree = "<group>"; };
/* End PBXFileReference section */

/* Begin PBXFrameworksBuildPhase section */
		A40000000000000000000002 /* Frameworks */ = {
			isa = PBXFrameworksBuildPhase;
			buildActionMask = 2147483647;
			files = (
			);
			runOnlyForDeploymentPostprocessing = 0;
		};
		A40000000000000000000005 /* Frameworks */ = {
			isa = PBXFrameworksBuildPhase;
			buildActionMask = 2147483647;
			files = (
			);
			runOnlyForDeploymentPostprocessing = 0;
		};
		A40000000000000000000008 /* Frameworks */ = {
			isa = PBXFrameworksBuildPhase;
			buildActionMask = 2147483647;
			files = (
			);
			runOnlyForDeploymentPostprocessing = 0;
		};
		A4000000000000000000000B /* Frameworks */ = {
			isa = PBXFrameworksBuildPhase;
			buildActionMask = 2147483647;
			files = (
			);
			runOnlyForDeploymentPostprocessing = 0;
		};
/* End PBXFrameworksBuildPhase section */

/* Begin PBXGroup section */
		A30000000000000000000001 = {
			isa = PBXGroup;
			children = (
				A30000000000000000000003 /* Revival */,
				A3000000000000000000000C /* Fixtures */,
				A30000000000000000000002 /* Products */,
			);
			sourceTree = "<group>";
		};
		A30000000000000000000002 /* Products */ = {
			isa = PBXGroup;
			children = (
				A20000000000000000000005 /* D3Import */,
				A20000000000000000000006 /* RevivalMac.app */,
				A20000000000000000000007 /* RevivalEditor.app */,
				A20000000000000000000008 /* D3ImportTests.xctest */,
			);
			name = Products;
			sourceTree = "<group>";
		};
		A30000000000000000000003 /* Revival */ = {
			isa = PBXGroup;
			children = (
				A30000000000000000000004 /* Sources */,
				A3000000000000000000000A /* Tests */,
			);
			path = Revival;
			sourceTree = "<group>";
		};
		A30000000000000000000004 /* Sources */ = {
			isa = PBXGroup;
			children = (
				A30000000000000000000005 /* D3Import */,
				A30000000000000000000008 /* RevivalCore */,
				A30000000000000000000009 /* RevivalMetal */,
				A30000000000000000000006 /* RevivalMac */,
				A30000000000000000000007 /* RevivalEditor */,
			);
			path = Sources;
			sourceTree = "<group>";
		};
		A30000000000000000000005 /* D3Import */ = {
			isa = PBXGroup;
			children = (
				A2000000000000000000000A /* HOG2Archive.swift */,
				A20000000000000000000001 /* main.swift */,
			);
			path = D3Import;
			sourceTree = "<group>";
		};
		A30000000000000000000006 /* RevivalMac */ = {
			isa = PBXGroup;
			children = (
				A20000000000000000000002 /* RevivalMacApplication.swift */,
			);
			path = RevivalMac;
			sourceTree = "<group>";
		};
		A30000000000000000000007 /* RevivalEditor */ = {
			isa = PBXGroup;
			children = (
				A20000000000000000000003 /* RevivalEditorApplication.swift */,
			);
			path = RevivalEditor;
			sourceTree = "<group>";
		};
		A30000000000000000000008 /* RevivalCore */ = {
			isa = PBXGroup;
			children = (
			);
			path = RevivalCore;
			sourceTree = "<group>";
		};
		A30000000000000000000009 /* RevivalMetal */ = {
			isa = PBXGroup;
			children = (
			);
			path = RevivalMetal;
			sourceTree = "<group>";
		};
		A3000000000000000000000A /* Tests */ = {
			isa = PBXGroup;
			children = (
				A3000000000000000000000B /* D3ImportTests */,
			);
			path = Tests;
			sourceTree = "<group>";
		};
		A3000000000000000000000B /* D3ImportTests */ = {
			isa = PBXGroup;
			children = (
				A20000000000000000000004 /* HOG2ArchiveTests.swift */,
			);
			path = D3ImportTests;
			sourceTree = "<group>";
		};
		A3000000000000000000000C /* Fixtures */ = {
			isa = PBXGroup;
			children = (
				A20000000000000000000009 /* test.hog */,
			);
			name = Fixtures;
			path = cfile/tests/TestDir;
			sourceTree = SOURCE_ROOT;
		};
/* End PBXGroup section */

/* Begin PBXNativeTarget section */
		A50000000000000000000001 /* D3Import */ = {
			isa = PBXNativeTarget;
			buildConfigurationList = A80000000000000000000002 /* Build configuration list for PBXNativeTarget "D3Import" */;
			buildPhases = (
				A40000000000000000000001 /* Sources */,
				A40000000000000000000002 /* Frameworks */,
				A40000000000000000000003 /* Resources */,
			);
			buildRules = (
			);
			dependencies = (
			);
			name = D3Import;
			productName = D3Import;
			productReference = A20000000000000000000005 /* D3Import */;
			productType = "com.apple.product-type.tool";
		};
		A50000000000000000000002 /* RevivalMac */ = {
			isa = PBXNativeTarget;
			buildConfigurationList = A80000000000000000000003 /* Build configuration list for PBXNativeTarget "RevivalMac" */;
			buildPhases = (
				A40000000000000000000004 /* Sources */,
				A40000000000000000000005 /* Frameworks */,
				A40000000000000000000006 /* Resources */,
			);
			buildRules = (
			);
			dependencies = (
			);
			name = RevivalMac;
			productName = RevivalMac;
			productReference = A20000000000000000000006 /* RevivalMac.app */;
			productType = "com.apple.product-type.application";
		};
		A50000000000000000000003 /* RevivalEditor */ = {
			isa = PBXNativeTarget;
			buildConfigurationList = A80000000000000000000004 /* Build configuration list for PBXNativeTarget "RevivalEditor" */;
			buildPhases = (
				A40000000000000000000007 /* Sources */,
				A40000000000000000000008 /* Frameworks */,
				A40000000000000000000009 /* Resources */,
			);
			buildRules = (
			);
			dependencies = (
			);
			name = RevivalEditor;
			productName = RevivalEditor;
			productReference = A20000000000000000000007 /* RevivalEditor.app */;
			productType = "com.apple.product-type.application";
		};
		A50000000000000000000004 /* D3ImportTests */ = {
			isa = PBXNativeTarget;
			buildConfigurationList = A80000000000000000000005 /* Build configuration list for PBXNativeTarget "D3ImportTests" */;
			buildPhases = (
				A4000000000000000000000A /* Sources */,
				A4000000000000000000000B /* Frameworks */,
				A4000000000000000000000C /* Resources */,
			);
			buildRules = (
			);
			dependencies = (
			);
			name = D3ImportTests;
			productName = D3ImportTests;
			productReference = A20000000000000000000008 /* D3ImportTests.xctest */;
			productType = "com.apple.product-type.bundle.unit-test";
		};
/* End PBXNativeTarget section */

/* Begin PBXProject section */
		A60000000000000000000001 /* Project object */ = {
			isa = PBXProject;
			attributes = {
				BuildIndependentTargetsInParallel = 1;
				LastSwiftUpdateCheck = 2700;
				LastUpgradeCheck = 2700;
				TargetAttributes = {
					A50000000000000000000001 = {
						CreatedOnToolsVersion = 27.0;
					};
					A50000000000000000000002 = {
						CreatedOnToolsVersion = 27.0;
					};
					A50000000000000000000003 = {
						CreatedOnToolsVersion = 27.0;
					};
					A50000000000000000000004 = {
						CreatedOnToolsVersion = 27.0;
					};
				};
			};
			buildConfigurationList = A80000000000000000000001 /* Build configuration list for PBXProject "Revival" */;
			compatibilityVersion = "Xcode 16.0";
			developmentRegion = en;
			hasScannedForEncodings = 0;
			knownRegions = (
				en,
				Base,
			);
			mainGroup = A30000000000000000000001;
			minimizedProjectReferenceProxies = 1;
			preferredProjectObjectVersion = 77;
			productRefGroup = A30000000000000000000002 /* Products */;
			projectDirPath = "";
			projectRoot = "";
			targets = (
				A50000000000000000000001 /* D3Import */,
				A50000000000000000000002 /* RevivalMac */,
				A50000000000000000000003 /* RevivalEditor */,
				A50000000000000000000004 /* D3ImportTests */,
			);
		};
/* End PBXProject section */

/* Begin PBXResourcesBuildPhase section */
		A40000000000000000000003 /* Resources */ = {
			isa = PBXResourcesBuildPhase;
			buildActionMask = 2147483647;
			files = (
			);
			runOnlyForDeploymentPostprocessing = 0;
		};
		A40000000000000000000006 /* Resources */ = {
			isa = PBXResourcesBuildPhase;
			buildActionMask = 2147483647;
			files = (
			);
			runOnlyForDeploymentPostprocessing = 0;
		};
		A40000000000000000000009 /* Resources */ = {
			isa = PBXResourcesBuildPhase;
			buildActionMask = 2147483647;
			files = (
			);
			runOnlyForDeploymentPostprocessing = 0;
		};
		A4000000000000000000000C /* Resources */ = {
			isa = PBXResourcesBuildPhase;
			buildActionMask = 2147483647;
			files = (
				A10000000000000000000005 /* test.hog in Resources */,
			);
			runOnlyForDeploymentPostprocessing = 0;
		};
/* End PBXResourcesBuildPhase section */

/* Begin PBXSourcesBuildPhase section */
		A40000000000000000000001 /* Sources */ = {
			isa = PBXSourcesBuildPhase;
			buildActionMask = 2147483647;
			files = (
				A10000000000000000000006 /* HOG2Archive.swift in Sources */,
				A10000000000000000000001 /* main.swift in Sources */,
			);
			runOnlyForDeploymentPostprocessing = 0;
		};
		A40000000000000000000004 /* Sources */ = {
			isa = PBXSourcesBuildPhase;
			buildActionMask = 2147483647;
			files = (
				A10000000000000000000002 /* RevivalMacApplication.swift in Sources */,
			);
			runOnlyForDeploymentPostprocessing = 0;
		};
		A40000000000000000000007 /* Sources */ = {
			isa = PBXSourcesBuildPhase;
			buildActionMask = 2147483647;
			files = (
				A10000000000000000000003 /* RevivalEditorApplication.swift in Sources */,
			);
			runOnlyForDeploymentPostprocessing = 0;
		};
		A4000000000000000000000A /* Sources */ = {
			isa = PBXSourcesBuildPhase;
			buildActionMask = 2147483647;
			files = (
				A10000000000000000000007 /* HOG2Archive.swift in Sources */,
				A10000000000000000000004 /* HOG2ArchiveTests.swift in Sources */,
			);
			runOnlyForDeploymentPostprocessing = 0;
		};
/* End PBXSourcesBuildPhase section */

/* Begin XCBuildConfiguration section */
		A70000000000000000000001 /* Debug */ = {
			isa = XCBuildConfiguration;
			buildSettings = {
				ALWAYS_SEARCH_USER_PATHS = NO;
				ARCHS = arm64;
				CLANG_ENABLE_MODULES = YES;
				CLANG_ENABLE_OBJC_ARC = YES;
				COPY_PHASE_STRIP = NO;
				DEBUG_INFORMATION_FORMAT = dwarf;
				ENABLE_TESTABILITY = YES;
				ENABLE_USER_SCRIPT_SANDBOXING = YES;
				MACOSX_DEPLOYMENT_TARGET = 26.0;
				MTL_ENABLE_DEBUG_INFO = INCLUDE_SOURCE;
				ONLY_ACTIVE_ARCH = YES;
				SDKROOT = macosx;
				SUPPORTED_PLATFORMS = macosx;
				SWIFT_ACTIVE_COMPILATION_CONDITIONS = "DEBUG $(inherited)";
				SWIFT_OPTIMIZATION_LEVEL = "-Onone";
				SWIFT_STRICT_CONCURRENCY = complete;
				SWIFT_VERSION = 6.0;
			};
			name = Debug;
		};
		A70000000000000000000002 /* Release */ = {
			isa = XCBuildConfiguration;
			buildSettings = {
				ALWAYS_SEARCH_USER_PATHS = NO;
				ARCHS = arm64;
				CLANG_ENABLE_MODULES = YES;
				CLANG_ENABLE_OBJC_ARC = YES;
				COPY_PHASE_STRIP = YES;
				DEBUG_INFORMATION_FORMAT = "dwarf-with-dsym";
				ENABLE_NS_ASSERTIONS = NO;
				ENABLE_USER_SCRIPT_SANDBOXING = YES;
				MACOSX_DEPLOYMENT_TARGET = 26.0;
				MTL_ENABLE_DEBUG_INFO = NO;
				SDKROOT = macosx;
				SUPPORTED_PLATFORMS = macosx;
				SWIFT_COMPILATION_MODE = wholemodule;
				SWIFT_OPTIMIZATION_LEVEL = "-O";
				SWIFT_STRICT_CONCURRENCY = complete;
				SWIFT_VERSION = 6.0;
				VALIDATE_PRODUCT = YES;
			};
			name = Release;
		};
		A70000000000000000000003 /* Debug */ = {
			isa = XCBuildConfiguration;
			buildSettings = {
				PRODUCT_NAME = "$(TARGET_NAME)";
			};
			name = Debug;
		};
		A70000000000000000000004 /* Release */ = {
			isa = XCBuildConfiguration;
			buildSettings = {
				PRODUCT_NAME = "$(TARGET_NAME)";
			};
			name = Release;
		};
		A70000000000000000000005 /* Debug */ = {
			isa = XCBuildConfiguration;
			buildSettings = {
				CODE_SIGN_STYLE = Automatic;
				GENERATE_INFOPLIST_FILE = YES;
				INFOPLIST_KEY_CFBundleDisplayName = RevivalMac;
				INFOPLIST_KEY_LSApplicationCategoryType = "public.app-category.games";
				LD_RUNPATH_SEARCH_PATHS = (
					"$(inherited)",
					"@executable_path/../Frameworks",
				);
				PRODUCT_BUNDLE_IDENTIFIER = org.descent3.revival.mac;
				PRODUCT_NAME = "$(TARGET_NAME)";
			};
			name = Debug;
		};
		A70000000000000000000006 /* Release */ = {
			isa = XCBuildConfiguration;
			buildSettings = {
				CODE_SIGN_STYLE = Automatic;
				GENERATE_INFOPLIST_FILE = YES;
				INFOPLIST_KEY_CFBundleDisplayName = RevivalMac;
				INFOPLIST_KEY_LSApplicationCategoryType = "public.app-category.games";
				LD_RUNPATH_SEARCH_PATHS = (
					"$(inherited)",
					"@executable_path/../Frameworks",
				);
				PRODUCT_BUNDLE_IDENTIFIER = org.descent3.revival.mac;
				PRODUCT_NAME = "$(TARGET_NAME)";
			};
			name = Release;
		};
		A70000000000000000000007 /* Debug */ = {
			isa = XCBuildConfiguration;
			buildSettings = {
				CODE_SIGN_STYLE = Automatic;
				GENERATE_INFOPLIST_FILE = YES;
				INFOPLIST_KEY_CFBundleDisplayName = RevivalEditor;
				INFOPLIST_KEY_LSApplicationCategoryType = "public.app-category.developer-tools";
				LD_RUNPATH_SEARCH_PATHS = (
					"$(inherited)",
					"@executable_path/../Frameworks",
				);
				PRODUCT_BUNDLE_IDENTIFIER = org.descent3.revival.editor;
				PRODUCT_NAME = "$(TARGET_NAME)";
			};
			name = Debug;
		};
		A70000000000000000000008 /* Release */ = {
			isa = XCBuildConfiguration;
			buildSettings = {
				CODE_SIGN_STYLE = Automatic;
				GENERATE_INFOPLIST_FILE = YES;
				INFOPLIST_KEY_CFBundleDisplayName = RevivalEditor;
				INFOPLIST_KEY_LSApplicationCategoryType = "public.app-category.developer-tools";
				LD_RUNPATH_SEARCH_PATHS = (
					"$(inherited)",
					"@executable_path/../Frameworks",
				);
				PRODUCT_BUNDLE_IDENTIFIER = org.descent3.revival.editor;
				PRODUCT_NAME = "$(TARGET_NAME)";
			};
			name = Release;
		};
		A70000000000000000000009 /* Debug */ = {
			isa = XCBuildConfiguration;
			buildSettings = {
				CODE_SIGN_STYLE = Automatic;
				GENERATE_INFOPLIST_FILE = YES;
				PRODUCT_BUNDLE_IDENTIFIER = org.descent3.revival.d3import.tests;
				PRODUCT_NAME = "$(TARGET_NAME)";
				SKIP_INSTALL = YES;
			};
			name = Debug;
		};
		A7000000000000000000000A /* Release */ = {
			isa = XCBuildConfiguration;
			buildSettings = {
				CODE_SIGN_STYLE = Automatic;
				GENERATE_INFOPLIST_FILE = YES;
				PRODUCT_BUNDLE_IDENTIFIER = org.descent3.revival.d3import.tests;
				PRODUCT_NAME = "$(TARGET_NAME)";
				SKIP_INSTALL = YES;
			};
			name = Release;
		};
/* End XCBuildConfiguration section */

/* Begin XCConfigurationList section */
		A80000000000000000000001 /* Build configuration list for PBXProject "Revival" */ = {
			isa = XCConfigurationList;
			buildConfigurations = (
				A70000000000000000000001 /* Debug */,
				A70000000000000000000002 /* Release */,
			);
			defaultConfigurationIsVisible = 0;
			defaultConfigurationName = Release;
		};
		A80000000000000000000002 /* Build configuration list for PBXNativeTarget "D3Import" */ = {
			isa = XCConfigurationList;
			buildConfigurations = (
				A70000000000000000000003 /* Debug */,
				A70000000000000000000004 /* Release */,
			);
			defaultConfigurationIsVisible = 0;
			defaultConfigurationName = Release;
		};
		A80000000000000000000003 /* Build configuration list for PBXNativeTarget "RevivalMac" */ = {
			isa = XCConfigurationList;
			buildConfigurations = (
				A70000000000000000000005 /* Debug */,
				A70000000000000000000006 /* Release */,
			);
			defaultConfigurationIsVisible = 0;
			defaultConfigurationName = Release;
		};
		A80000000000000000000004 /* Build configuration list for PBXNativeTarget "RevivalEditor" */ = {
			isa = XCConfigurationList;
			buildConfigurations = (
				A70000000000000000000007 /* Debug */,
				A70000000000000000000008 /* Release */,
			);
			defaultConfigurationIsVisible = 0;
			defaultConfigurationName = Release;
		};
		A80000000000000000000005 /* Build configuration list for PBXNativeTarget "D3ImportTests" */ = {
			isa = XCConfigurationList;
			buildConfigurations = (
				A70000000000000000000009 /* Debug */,
				A7000000000000000000000A /* Release */,
			);
			defaultConfigurationIsVisible = 0;
			defaultConfigurationName = Release;
		};
/* End XCConfigurationList section */
	};
	rootObject = A60000000000000000000001 /* Project object */;
}
